# This file is autogenerated, do not edit; changes may be undone by the next 'dep ensure'.


[[projects]]
  branch = "master"
  name = "github.com/containerd/console"
  packages = ["."]
  revision = "cb7008ab3d8359b78c5f464cb7cf160107ad5925"

[[projects]]
  name = "github.com/coreos/go-systemd"
  packages = [
    "dbus",
    "util"
  ]
  revision = "40e2722dffead74698ca12a750f64ef313ddce05"
  version = "v16"

[[projects]]
  name = "github.com/coreos/pkg"
  packages = ["dlopen"]
  revision = "3ac0863d7acf3bc44daf49afef8919af12f704ef"
  version = "v3"

[[projects]]
  name = "github.com/cyphar/filepath-securejoin"
  packages = ["."]
  revision = "06bda8370f45268db985f7af15732444d94ed51c"
  version = "v0.2.1"

[[projects]]
  name = "github.com/docker/go-units"
  packages = ["."]
  revision = "0dadbb0345b35ec7ef35e228dabb8de89a65bf52"
  version = "v0.3.2"

[[projects]]
  name = "github.com/godbus/dbus"
  packages = ["."]
  revision = "a389bdde4dd695d414e47b755e95e72b7826432c"
  version = "v4.1.0"

[[projects]]
  name = "github.com/golang/protobuf"
  packages = ["proto"]
  revision = "925541529c1fa6821df4e44ce2723319eb2be768"
  version = "v1.0.0"

[[projects]]
  branch = "master"
  name = "github.com/mrunalp/fileutils"
  packages = ["."]
  revision = "7d4729fb36185a7c1719923406c9d40e54fb93c7"

[[projects]]
  name = "github.com/opencontainers/runc"
  packages = [
    "libcontainer",
    "libcontainer/apparmor",
    "libcontainer/cgroups",
    "libcontainer/cgroups/fs",
    "libcontainer/cgroups/systemd",
    "libcontainer/configs",
    "libcontainer/configs/validate",
    "libcontainer/criurpc",
    "libcontainer/intelrdt",
    "libcontainer/keys",
    "libcontainer/mount",
    "libcontainer/nsenter",
    "libcontainer/seccomp",
    "libcontainer/specconv",
    "libcontainer/stacktrace",
    "libcontainer/system",
    "libcontainer/user",
    "libcontainer/utils"
  ]
  revision = "4fc53a81fb7c994640722ac585fa9ca548971871"
  version = "v1.0.0-rc5"

[[projects]]
  name = "github.com/opencontainers/runtime-spec"
  packages = ["specs-go"]
  revision = "4e3b9264a330d094b0386c3703c5f379119711e8"
  version = "v1.0.1"

[[projects]]
  name = "github.com/opencontainers/selinux"
  packages = [
    "go-selinux",
    "go-selinux/label"
  ]
  revision = "ba1aefe8057f1d0cfb8e88d0ec1dc85925ef987d"
  version = "v1.0.0-rc1"

[[projects]]
  name = "github.com/pkg/errors"
  packages = ["."]
  revision = "645ef00459ed84a119197bfb8d8205042c6df63d"
  version = "v0.8.0"

[[projects]]
  name = "github.com/seccomp/libseccomp-golang"
  packages = ["."]
  revision = "e3496e3a417d1dc9ecdceca5af2513271fed37a0"
  version = "v0.9.0"

[[projects]]
  name = "github.com/sirupsen/logrus"
  packages = ["."]
  revision = "d682213848ed68c0a260ca37d6dd5ace8423f5ba"
  version = "v1.0.4"

[[projects]]
  branch = "master"
  name = "github.com/syndtr/gocapability"
  packages = ["capability"]
  revision = "33e07d32887e1e06b7c025f27ce52f62c7990bc0"

[[projects]]
  name = "github.com/vishvananda/netlink"
  packages = [
    ".",
    "nl"
  ]
  revision = "a2ad57a690f3caf3015351d2d6e1c0b95c349752"
  version = "v1.0.0"

[[projects]]
  branch = "master"
  name = "github.com/vishvananda/netns"
  packages = ["."]
  revision = "be1fbeda19366dea804f00efff2dd73a1642fdcc"

[[projects]]
  branch = "master"
  name = "golang.org/x/crypto"
  packages = ["ssh/terminal"]
  revision = "c3a3ad6d03f7a915c0f7e194b7152974bb73d287"

[[projects]]
  branch = "master"
  name = "golang.org/x/sys"
  packages = [
    "unix",
    "windows"
  ]
  revision = "7ceb54c8418b8f9cdf0177b511d5cbb06e9fae39"

[solve-meta]
  analyzer-name = "dep"
  analyzer-version = 1
  inputs-digest = "aa783f1241846451089514eda8cfc73158a79905abc7fd435eb6132169e65fae"
  solver-name = "gps-cdcl"
  solver-version = 1
